
Microsoft Visual Studio Solution File, Format Version 12.00
# Visual Studio Version 17
VisualStudioVersion = 17.4.33213.308
MinimumVisualStudioVersion = 10.0.40219.1
Project("{FAE04EC0-301F-11D3-BF4B-00C04F79EFBC}") = "Proje18_Enum", "Proje18_Enum.csproj", "{318EC529-A415-426F-9442-EEE86542E17A}"
EndProject
Global
	GlobalSection(SolutionConfigurationPlatforms) = preSolution
		Debug|Any CPU = Debug|Any CPU
		Release|Any CPU = Release|Any CPU
	EndGlobalSection
	GlobalSection(ProjectConfigurationPlatforms) = postSolution
		{318EC529-A415-426F-9442-EEE86542E17A}.Debug|Any CPU.ActiveCfg = Debug|Any CPU
		{318EC529-A415-426F-9442-EEE86542E17A}.Debug|Any CPU.Build.0 = Debug|Any CPU
		{318EC529-A415-426F-9442-EEE86542E17A}.Release|Any CPU.ActiveCfg = Release|Any CPU
		{318EC529-A415-426F-9442-EEE86542E17A}.Release|Any CPU.Build.0 = Release|Any CPU
	EndGlobalSection
	GlobalSection(SolutionProperties) = preSolution
		HideSolutionNode = FALSE
	EndGlobalSection
	GlobalSection(ExtensibilityGlobals) = postSolution
		SolutionGuid = {CA3FF2CA-922A-48E4-B216-7EF6EBB5E15D}
	EndGlobalSection
EndGlobal
