
Microsoft Visual Studio Solution File, Format Version 12.00
# Visual Studio Version 17
VisualStudioVersion = 17.4.33213.308
MinimumVisualStudioVersion = 10.0.40219.1
Project("{FAE04EC0-301F-11D3-BF4B-00C04F79EFBC}") = "Proje", "Proje.csproj", "{D99BAE20-1D32-4E01-B5DA-A96333D8BB7C}"
EndProject
Global
	GlobalSection(SolutionConfigurationPlatforms) = preSolution
		Debug|Any CPU = Debug|Any CPU
		Release|Any CPU = Release|Any CPU
	EndGlobalSection
	GlobalSection(ProjectConfigurationPlatforms) = postSolution
		{D99BAE20-1D32-4E01-B5DA-A96333D8BB7C}.Debug|Any CPU.ActiveCfg = Debug|Any CPU
		{D99BAE20-1D32-4E01-B5DA-A96333D8BB7C}.Debug|Any CPU.Build.0 = Debug|Any CPU
		{D99BAE20-1D32-4E01-B5DA-A96333D8BB7C}.Release|Any CPU.ActiveCfg = Release|Any CPU
		{D99BAE20-1D32-4E01-B5DA-A96333D8BB7C}.Release|Any CPU.Build.0 = Release|Any CPU
	EndGlobalSection
	GlobalSection(SolutionProperties) = preSolution
		HideSolutionNode = FALSE
	EndGlobalSection
	GlobalSection(ExtensibilityGlobals) = postSolution
		SolutionGuid = {FE1A7146-164F-4EC8-88E3-16E93A7703FE}
	EndGlobalSection
EndGlobal
