
Microsoft Visual Studio Solution File, Format Version 12.00
# Visual Studio Version 17
VisualStudioVersion = 17.4.33213.308
MinimumVisualStudioVersion = 10.0.40219.1
Project("{FAE04EC0-301F-11D3-BF4B-00C04F79EFBC}") = "Proje08_HataKontrolu", "Proje08_HataKontrolu.csproj", "{9841DC2F-BB5B-4F6E-865B-382E1295C4E8}"
EndProject
Global
	GlobalSection(SolutionConfigurationPlatforms) = preSolution
		Debug|Any CPU = Debug|Any CPU
		Release|Any CPU = Release|Any CPU
	EndGlobalSection
	GlobalSection(ProjectConfigurationPlatforms) = postSolution
		{9841DC2F-BB5B-4F6E-865B-382E1295C4E8}.Debug|Any CPU.ActiveCfg = Debug|Any CPU
		{9841DC2F-BB5B-4F6E-865B-382E1295C4E8}.Debug|Any CPU.Build.0 = Debug|Any CPU
		{9841DC2F-BB5B-4F6E-865B-382E1295C4E8}.Release|Any CPU.ActiveCfg = Release|Any CPU
		{9841DC2F-BB5B-4F6E-865B-382E1295C4E8}.Release|Any CPU.Build.0 = Release|Any CPU
	EndGlobalSection
	GlobalSection(SolutionProperties) = preSolution
		HideSolutionNode = FALSE
	EndGlobalSection
	GlobalSection(ExtensibilityGlobals) = postSolution
		SolutionGuid = {06E63815-0E88-4F3A-98C9-8FE436198170}
	EndGlobalSection
EndGlobal
