
Microsoft Visual Studio Solution File, Format Version 12.00
# Visual Studio Version 17
VisualStudioVersion = 17.5.33530.505
MinimumVisualStudioVersion = 10.0.40219.1
Project("{FAE04EC0-301F-11D3-BF4B-00C04F79EFBC}") = "BooksApp.Data", "BookApp.Data\BooksApp.Data.csproj", "{8197031D-B53D-4699-809C-142E2C89A7D5}"
EndProject
Project("{FAE04EC0-301F-11D3-BF4B-00C04F79EFBC}") = "BooksApp.Business", "BooksApp.Business\BooksApp.Business.csproj", "{64C67CC4-7B4E-46CC-A2CC-A6975AA4B65C}"
EndProject
Project("{FAE04EC0-301F-11D3-BF4B-00C04F79EFBC}") = "BooksApp.Entity", "BooksApp.Entity\BooksApp.Entity.csproj", "{5153E1F2-3AD8-4B24-86DB-9533980FE0EE}"
EndProject
Project("{FAE04EC0-301F-11D3-BF4B-00C04F79EFBC}") = "BooksApp.Core", "BooksApp.Core\BooksApp.Core.csproj", "{B5ED0BB4-D6C0-463C-8BDA-DBB81E3C35B8}"
EndProject
Project("{FAE04EC0-301F-11D3-BF4B-00C04F79EFBC}") = "BooksApp.MVC", "BooksApp.MVC\BooksApp.MVC.csproj", "{AAEBDB23-8F13-4203-8F02-BEEAFE45968A}"
EndProject
Global
	GlobalSection(SolutionConfigurationPlatforms) = preSolution
		Debug|Any CPU = Debug|Any CPU
		Release|Any CPU = Release|Any CPU
	EndGlobalSection
	GlobalSection(ProjectConfigurationPlatforms) = postSolution
		{8197031D-B53D-4699-809C-142E2C89A7D5}.Debug|Any CPU.ActiveCfg = Debug|Any CPU
		{8197031D-B53D-4699-809C-142E2C89A7D5}.Debug|Any CPU.Build.0 = Debug|Any CPU
		{8197031D-B53D-4699-809C-142E2C89A7D5}.Release|Any CPU.ActiveCfg = Release|Any CPU
		{8197031D-B53D-4699-809C-142E2C89A7D5}.Release|Any CPU.Build.0 = Release|Any CPU
		{64C67CC4-7B4E-46CC-A2CC-A6975AA4B65C}.Debug|Any CPU.ActiveCfg = Debug|Any CPU
		{64C67CC4-7B4E-46CC-A2CC-A6975AA4B65C}.Debug|Any CPU.Build.0 = Debug|Any CPU
		{64C67CC4-7B4E-46CC-A2CC-A6975AA4B65C}.Release|Any CPU.ActiveCfg = Release|Any CPU
		{64C67CC4-7B4E-46CC-A2CC-A6975AA4B65C}.Release|Any CPU.Build.0 = Release|Any CPU
		{5153E1F2-3AD8-4B24-86DB-9533980FE0EE}.Debug|Any CPU.ActiveCfg = Debug|Any CPU
		{5153E1F2-3AD8-4B24-86DB-9533980FE0EE}.Debug|Any CPU.Build.0 = Debug|Any CPU
		{5153E1F2-3AD8-4B24-86DB-9533980FE0EE}.Release|Any CPU.ActiveCfg = Release|Any CPU
		{5153E1F2-3AD8-4B24-86DB-9533980FE0EE}.Release|Any CPU.Build.0 = Release|Any CPU
		{B5ED0BB4-D6C0-463C-8BDA-DBB81E3C35B8}.Debug|Any CPU.ActiveCfg = Debug|Any CPU
		{B5ED0BB4-D6C0-463C-8BDA-DBB81E3C35B8}.Debug|Any CPU.Build.0 = Debug|Any CPU
		{B5ED0BB4-D6C0-463C-8BDA-DBB81E3C35B8}.Release|Any CPU.ActiveCfg = Release|Any CPU
		{B5ED0BB4-D6C0-463C-8BDA-DBB81E3C35B8}.Release|Any CPU.Build.0 = Release|Any CPU
		{AAEBDB23-8F13-4203-8F02-BEEAFE45968A}.Debug|Any CPU.ActiveCfg = Debug|Any CPU
		{AAEBDB23-8F13-4203-8F02-BEEAFE45968A}.Debug|Any CPU.Build.0 = Debug|Any CPU
		{AAEBDB23-8F13-4203-8F02-BEEAFE45968A}.Release|Any CPU.ActiveCfg = Release|Any CPU
		{AAEBDB23-8F13-4203-8F02-BEEAFE45968A}.Release|Any CPU.Build.0 = Release|Any CPU
	EndGlobalSection
	GlobalSection(SolutionProperties) = preSolution
		HideSolutionNode = FALSE
	EndGlobalSection
	GlobalSection(ExtensibilityGlobals) = postSolution
		SolutionGuid = {FB259839-D877-45FA-9631-25F9E9ACFE60}
	EndGlobalSection
EndGlobal
